
Microsoft Visual Studio Solution File, Format Version 12.00
# Visual Studio 14
VisualStudioVersion = 14.0.24720.0
MinimumVisualStudioVersion = 10.0.40219.1
Project("{2150E333-8FDC-42A3-9474-1A3956D46DE8}") = "Wpf", "Wpf", "{89A4FC07-1F62-4A1E-A289-60B087D9B2CF}"
	ProjectSection(SolutionItems) = preProject
		Note.txt = Note.txt
	EndProjectSection
EndProject
Project("{FAE04EC0-301F-11D3-BF4B-00C04F79EFBC}") = "ResourcesDemo", "Wpf\ResourcesDemo\ResourcesDemo.csproj", "{6D8234BF-5D5F-42E3-8096-477D8CC48535}"
EndProject
Project("{FAE04EC0-301F-11D3-BF4B-00C04F79EFBC}") = "ResourceDictionaryDemo", "Wpf\ResourceDictionaryDemo\ResourceDictionaryDemo.csproj", "{407CD34F-9410-4BD0-80F1-5943673D9129}"
EndProject
Project("{FAE04EC0-301F-11D3-BF4B-00C04F79EFBC}") = "ResourceLibrary", "Wpf\ResourceLibrary\ResourceLibrary.csproj", "{6703377C-C1F6-42C0-A6B6-F6A97B2976B8}"
EndProject
Project("{2150E333-8FDC-42A3-9474-1A3956D46DE8}") = "CSharp", "CSharp", "{5D433892-9A53-4C94-9A8D-74FD32DDE638}"
EndProject
Project("{2150E333-8FDC-42A3-9474-1A3956D46DE8}") = "6.0", "6.0", "{58A010E1-9CCD-427D-B8F7-13907B7DDC2C}"
EndProject
Project("{2150E333-8FDC-42A3-9474-1A3956D46DE8}") = "5.0", "5.0", "{7DC507D8-2112-4A4F-8289-2A2CA0C23808}"
EndProject
Project("{2150E333-8FDC-42A3-9474-1A3956D46DE8}") = "4.0", "4.0", "{B8E3425F-36F1-4451-966C-D2603705FC43}"
EndProject
Project("{2150E333-8FDC-42A3-9474-1A3956D46DE8}") = "3.0", "3.0", "{A060A077-BDF9-4C7B-9AB9-783726211608}"
EndProject
Project("{2150E333-8FDC-42A3-9474-1A3956D46DE8}") = "2.0", "2.0", "{78A67356-47FF-497D-B42B-E4A44F5BB43D}"
EndProject
Project("{FAE04EC0-301F-11D3-BF4B-00C04F79EFBC}") = "NewFeatureDemo", "CSharp\6.0\NewFeatureDemo\NewFeatureDemo.csproj", "{1CDB8D20-FC98-4A29-B899-D70A148F4731}"
EndProject
Project("{2150E333-8FDC-42A3-9474-1A3956D46DE8}") = "4.5", "4.5", "{AAE7E0D0-7414-4023-9196-4450E5C23649}"
EndProject
Project("{FAE04EC0-301F-11D3-BF4B-00C04F79EFBC}") = "TaskParallelLibraryDemo", "CSharp\4.5\TaskParallelLibraryDemo\TaskParallelLibraryDemo.csproj", "{2533E72B-0246-4E42-AC2C-635F896A6086}"
EndProject
Global
	GlobalSection(SolutionConfigurationPlatforms) = preSolution
		Debug|Any CPU = Debug|Any CPU
		Debug|x86 = Debug|x86
		Release|Any CPU = Release|Any CPU
		Release|x86 = Release|x86
	EndGlobalSection
	GlobalSection(ProjectConfigurationPlatforms) = postSolution
		{6D8234BF-5D5F-42E3-8096-477D8CC48535}.Debug|Any CPU.ActiveCfg = Debug|x86
		{6D8234BF-5D5F-42E3-8096-477D8CC48535}.Debug|x86.ActiveCfg = Debug|x86
		{6D8234BF-5D5F-42E3-8096-477D8CC48535}.Debug|x86.Build.0 = Debug|x86
		{6D8234BF-5D5F-42E3-8096-477D8CC48535}.Release|Any CPU.ActiveCfg = Release|x86
		{6D8234BF-5D5F-42E3-8096-477D8CC48535}.Release|x86.ActiveCfg = Release|x86
		{6D8234BF-5D5F-42E3-8096-477D8CC48535}.Release|x86.Build.0 = Release|x86
		{407CD34F-9410-4BD0-80F1-5943673D9129}.Debug|Any CPU.ActiveCfg = Debug|x86
		{407CD34F-9410-4BD0-80F1-5943673D9129}.Debug|x86.ActiveCfg = Debug|x86
		{407CD34F-9410-4BD0-80F1-5943673D9129}.Debug|x86.Build.0 = Debug|x86
		{407CD34F-9410-4BD0-80F1-5943673D9129}.Release|Any CPU.ActiveCfg = Release|x86
		{407CD34F-9410-4BD0-80F1-5943673D9129}.Release|x86.ActiveCfg = Release|x86
		{407CD34F-9410-4BD0-80F1-5943673D9129}.Release|x86.Build.0 = Release|x86
		{6703377C-C1F6-42C0-A6B6-F6A97B2976B8}.Debug|Any CPU.ActiveCfg = Debug|Any CPU
		{6703377C-C1F6-42C0-A6B6-F6A97B2976B8}.Debug|Any CPU.Build.0 = Debug|Any CPU
		{6703377C-C1F6-42C0-A6B6-F6A97B2976B8}.Debug|x86.ActiveCfg = Debug|Any CPU
		{6703377C-C1F6-42C0-A6B6-F6A97B2976B8}.Debug|x86.Build.0 = Debug|Any CPU
		{6703377C-C1F6-42C0-A6B6-F6A97B2976B8}.Release|Any CPU.ActiveCfg = Release|Any CPU
		{6703377C-C1F6-42C0-A6B6-F6A97B2976B8}.Release|Any CPU.Build.0 = Release|Any CPU
		{6703377C-C1F6-42C0-A6B6-F6A97B2976B8}.Release|x86.ActiveCfg = Release|Any CPU
		{6703377C-C1F6-42C0-A6B6-F6A97B2976B8}.Release|x86.Build.0 = Release|Any CPU
		{1CDB8D20-FC98-4A29-B899-D70A148F4731}.Debug|Any CPU.ActiveCfg = Debug|Any CPU
		{1CDB8D20-FC98-4A29-B899-D70A148F4731}.Debug|Any CPU.Build.0 = Debug|Any CPU
		{1CDB8D20-FC98-4A29-B899-D70A148F4731}.Debug|x86.ActiveCfg = Debug|Any CPU
		{1CDB8D20-FC98-4A29-B899-D70A148F4731}.Debug|x86.Build.0 = Debug|Any CPU
		{1CDB8D20-FC98-4A29-B899-D70A148F4731}.Release|Any CPU.ActiveCfg = Release|Any CPU
		{1CDB8D20-FC98-4A29-B899-D70A148F4731}.Release|Any CPU.Build.0 = Release|Any CPU
		{1CDB8D20-FC98-4A29-B899-D70A148F4731}.Release|x86.ActiveCfg = Release|Any CPU
		{1CDB8D20-FC98-4A29-B899-D70A148F4731}.Release|x86.Build.0 = Release|Any CPU
		{2533E72B-0246-4E42-AC2C-635F896A6086}.Debug|Any CPU.ActiveCfg = Debug|Any CPU
		{2533E72B-0246-4E42-AC2C-635F896A6086}.Debug|Any CPU.Build.0 = Debug|Any CPU
		{2533E72B-0246-4E42-AC2C-635F896A6086}.Debug|x86.ActiveCfg = Debug|Any CPU
		{2533E72B-0246-4E42-AC2C-635F896A6086}.Debug|x86.Build.0 = Debug|Any CPU
		{2533E72B-0246-4E42-AC2C-635F896A6086}.Release|Any CPU.ActiveCfg = Release|Any CPU
		{2533E72B-0246-4E42-AC2C-635F896A6086}.Release|Any CPU.Build.0 = Release|Any CPU
		{2533E72B-0246-4E42-AC2C-635F896A6086}.Release|x86.ActiveCfg = Release|Any CPU
		{2533E72B-0246-4E42-AC2C-635F896A6086}.Release|x86.Build.0 = Release|Any CPU
	EndGlobalSection
	GlobalSection(SolutionProperties) = preSolution
		HideSolutionNode = FALSE
	EndGlobalSection
	GlobalSection(NestedProjects) = preSolution
		{6D8234BF-5D5F-42E3-8096-477D8CC48535} = {89A4FC07-1F62-4A1E-A289-60B087D9B2CF}
		{407CD34F-9410-4BD0-80F1-5943673D9129} = {89A4FC07-1F62-4A1E-A289-60B087D9B2CF}
		{6703377C-C1F6-42C0-A6B6-F6A97B2976B8} = {89A4FC07-1F62-4A1E-A289-60B087D9B2CF}
		{58A010E1-9CCD-427D-B8F7-13907B7DDC2C} = {5D433892-9A53-4C94-9A8D-74FD32DDE638}
		{7DC507D8-2112-4A4F-8289-2A2CA0C23808} = {5D433892-9A53-4C94-9A8D-74FD32DDE638}
		{B8E3425F-36F1-4451-966C-D2603705FC43} = {5D433892-9A53-4C94-9A8D-74FD32DDE638}
		{A060A077-BDF9-4C7B-9AB9-783726211608} = {5D433892-9A53-4C94-9A8D-74FD32DDE638}
		{78A67356-47FF-497D-B42B-E4A44F5BB43D} = {5D433892-9A53-4C94-9A8D-74FD32DDE638}
		{1CDB8D20-FC98-4A29-B899-D70A148F4731} = {58A010E1-9CCD-427D-B8F7-13907B7DDC2C}
		{AAE7E0D0-7414-4023-9196-4450E5C23649} = {5D433892-9A53-4C94-9A8D-74FD32DDE638}
		{2533E72B-0246-4E42-AC2C-635F896A6086} = {AAE7E0D0-7414-4023-9196-4450E5C23649}
	EndGlobalSection
EndGlobal
