
Microsoft Visual Studio Solution File, Format Version 12.00
# Visual Studio 14
VisualStudioVersion = 14.0.25420.1
MinimumVisualStudioVersion = 10.0.40219.1
Project("{2150E333-8FDC-42A3-9474-1A3956D46DE8}") = "Wpf", "Wpf", "{89A4FC07-1F62-4A1E-A289-60B087D9B2CF}"
	ProjectSection(SolutionItems) = preProject
		Note.txt = Note.txt
	EndProjectSection
EndProject
Project("{FAE04EC0-301F-11D3-BF4B-00C04F79EFBC}") = "ResourcesDemo", "Wpf\ResourcesDemo\ResourcesDemo.csproj", "{6D8234BF-5D5F-42E3-8096-477D8CC48535}"
EndProject
Project("{FAE04EC0-301F-11D3-BF4B-00C04F79EFBC}") = "ResourceDictionaryDemo", "Wpf\ResourceDictionaryDemo\ResourceDictionaryDemo.csproj", "{407CD34F-9410-4BD0-80F1-5943673D9129}"
EndProject
Project("{FAE04EC0-301F-11D3-BF4B-00C04F79EFBC}") = "ResourceLibrary", "Wpf\ResourceLibrary\ResourceLibrary.csproj", "{6703377C-C1F6-42C0-A6B6-F6A97B2976B8}"
EndProject
Project("{2150E333-8FDC-42A3-9474-1A3956D46DE8}") = "CSharp", "CSharp", "{5D433892-9A53-4C94-9A8D-74FD32DDE638}"
EndProject
Project("{2150E333-8FDC-42A3-9474-1A3956D46DE8}") = "6.0", "6.0", "{58A010E1-9CCD-427D-B8F7-13907B7DDC2C}"
EndProject
Project("{2150E333-8FDC-42A3-9474-1A3956D46DE8}") = "5.0", "5.0", "{7DC507D8-2112-4A4F-8289-2A2CA0C23808}"
EndProject
Project("{2150E333-8FDC-42A3-9474-1A3956D46DE8}") = "4.0", "4.0", "{B8E3425F-36F1-4451-966C-D2603705FC43}"
EndProject
Project("{2150E333-8FDC-42A3-9474-1A3956D46DE8}") = "3.0", "3.0", "{A060A077-BDF9-4C7B-9AB9-783726211608}"
EndProject
Project("{2150E333-8FDC-42A3-9474-1A3956D46DE8}") = "2.0", "2.0", "{78A67356-47FF-497D-B42B-E4A44F5BB43D}"
EndProject
Project("{FAE04EC0-301F-11D3-BF4B-00C04F79EFBC}") = "NewFeatureDemo", "CSharp\6.0\NewFeatureDemo\NewFeatureDemo.csproj", "{1CDB8D20-FC98-4A29-B899-D70A148F4731}"
EndProject
Project("{2150E333-8FDC-42A3-9474-1A3956D46DE8}") = "4.5", "4.5", "{AAE7E0D0-7414-4023-9196-4450E5C23649}"
EndProject
Project("{FAE04EC0-301F-11D3-BF4B-00C04F79EFBC}") = "TaskParallelLibraryDemo", "CSharp\4.5\TaskParallelLibraryDemo\TaskParallelLibraryDemo.csproj", "{2533E72B-0246-4E42-AC2C-635F896A6086}"
EndProject
Project("{2150E333-8FDC-42A3-9474-1A3956D46DE8}") = "Application", "Application", "{35218BC4-F7D7-4495-B0B4-E675B942112B}"
EndProject
Project("{2150E333-8FDC-42A3-9474-1A3956D46DE8}") = "MissionPlanner", "MissionPlanner", "{F189772E-30C8-4584-B0C5-3853FE343DE9}"
EndProject
Project("{FAE04EC0-301F-11D3-BF4B-00C04F79EFBC}") = "MissionPlanner", "Application\MissionPlanner\MissionPlanner.csproj", "{FB19F514-ED76-4B06-A572-090FAD5BDDEF}"
EndProject
Project("{2150E333-8FDC-42A3-9474-1A3956D46DE8}") = "Modules", "Modules", "{02030BB3-1C26-4F36-8A9E-F04A21AE05A9}"
EndProject
Project("{FAE04EC0-301F-11D3-BF4B-00C04F79EFBC}") = "MissionPlanner.UI", "Application\MissionPlanner\code\MissionPlanner.UI\MissionPlanner.UI.csproj", "{88CBBDA2-80A9-4F80-9E0B-A49FF57643C4}"
EndProject
Project("{FAE04EC0-301F-11D3-BF4B-00C04F79EFBC}") = "MissionPlanner.Infrastructure", "Application\MissionPlanner\code\MissionPlanner.Infrastructure\MissionPlanner.Infrastructure.csproj", "{0C91792B-64E9-43EF-B913-5873FC1296BF}"
EndProject
Project("{FAE04EC0-301F-11D3-BF4B-00C04F79EFBC}") = "MissionPlanner.Logging", "Application\MissionPlanner\code\MissionPlanner.Logging\MissionPlanner.Logging.csproj", "{749290F0-1C31-4546-B51A-81F218700F8B}"
EndProject
Project("{2150E333-8FDC-42A3-9474-1A3956D46DE8}") = "JSON", "JSON", "{942762B6-EA2D-4712-A29F-60556EDC7F79}"
EndProject
Project("{FAE04EC0-301F-11D3-BF4B-00C04F79EFBC}") = "JsonDemo", "JSON\JsonDemo\JsonDemo.csproj", "{2795A178-E317-45E8-9C33-4D39298CC4D9}"
EndProject
Project("{FAE04EC0-301F-11D3-BF4B-00C04F79EFBC}") = "Emulator.UI", "Application\Emulator\Emulator.UI\Emulator.UI.csproj", "{99C9E82C-C594-446D-AA59-8FFBC43AD226}"
EndProject
Project("{2150E333-8FDC-42A3-9474-1A3956D46DE8}") = "Emulator", "Emulator", "{1498C490-BD68-4D9D-93FD-A7DAD501F869}"
	ProjectSection(SolutionItems) = preProject
		Application\Emulator\Notes.txt = Application\Emulator\Notes.txt
	EndProjectSection
EndProject
Project("{FAE04EC0-301F-11D3-BF4B-00C04F79EFBC}") = "Emulator.Logging", "Application\Emulator\Emulator.Logging\Emulator.Logging.csproj", "{66A5B199-5330-411A-8496-DBF7782D52F8}"
EndProject
Project("{2150E333-8FDC-42A3-9474-1A3956D46DE8}") = "Demo", "Demo", "{BE0585B9-EA4A-428C-91D9-1EC60D7461B3}"
EndProject
Project("{2150E333-8FDC-42A3-9474-1A3956D46DE8}") = "DataStructures", "DataStructures", "{7E99F53B-CABB-4F66-94A5-504B303C216E}"
EndProject
Project("{2150E333-8FDC-42A3-9474-1A3956D46DE8}") = "DesignPatterns", "DesignPatterns", "{77D7585D-9B12-46F2-A0FE-7297FB6FC233}"
EndProject
Project("{2150E333-8FDC-42A3-9474-1A3956D46DE8}") = "ParallelProgramming", "ParallelProgramming", "{7780C7C0-049A-4464-A101-20694A77464B}"
EndProject
Project("{FAE04EC0-301F-11D3-BF4B-00C04F79EFBC}") = "DataStructures", "Demo\DataStructures\DataStructuresDemo.DataStructures\DataStructures.csproj", "{DC87C9D7-E9FB-4E64-8B68-082E54A34415}"
EndProject
Project("{FAE04EC0-301F-11D3-BF4B-00C04F79EFBC}") = "DataStructuresDemo.UnitTests", "Demo\DataStructures\DataStructuresDemo.UnitTests\DataStructuresDemo.UnitTests.csproj", "{E8E5A73A-7D24-4A1E-8567-93D1B6F311F6}"
EndProject
Project("{FAE04EC0-301F-11D3-BF4B-00C04F79EFBC}") = "DesignPatternsDemo.Singleton", "Demo\DesignPatterns\DesignPatternsDemo.Singleton\DesignPatternsDemo.Singleton.csproj", "{3EF210BE-4C3E-4798-B3FD-77A392410C95}"
EndProject
Project("{FAE04EC0-301F-11D3-BF4B-00C04F79EFBC}") = "ParallelProgrammingDemo01", "Demo\ParallelProgramming\ParallelProgrammingDemo01.csproj", "{1CC9FAD2-1680-4CC4-A5F8-F8C13B9BE023}"
EndProject
Project("{2150E333-8FDC-42A3-9474-1A3956D46DE8}") = "log4net", "log4net", "{EB8D39B3-7F31-4399-AF55-E6F4B7B20F31}"
EndProject
Project("{2150E333-8FDC-42A3-9474-1A3956D46DE8}") = "Le'sFlorist", "Le'sFlorist", "{3F9A2C86-2BBF-4297-B362-F08C13098910}"
EndProject
Project("{2150E333-8FDC-42A3-9474-1A3956D46DE8}") = "Database", "Database", "{129955E5-C26D-4880-82A9-4B3D5D6B7225}"
EndProject
Project("{FAE04EC0-301F-11D3-BF4B-00C04F79EFBC}") = "PrismUnityAppDemo", "PrismUnityAppDemo\PrismUnityAppDemo.csproj", "{A6630DB3-EF52-4313-82C8-BC5D5337A1A3}"
EndProject
Global
	GlobalSection(SolutionConfigurationPlatforms) = preSolution
		Debug|Any CPU = Debug|Any CPU
		Debug|x86 = Debug|x86
		Release|Any CPU = Release|Any CPU
		Release|x86 = Release|x86
	EndGlobalSection
	GlobalSection(ProjectConfigurationPlatforms) = postSolution
		{6D8234BF-5D5F-42E3-8096-477D8CC48535}.Debug|Any CPU.ActiveCfg = Debug|x86
		{6D8234BF-5D5F-42E3-8096-477D8CC48535}.Debug|x86.ActiveCfg = Debug|x86
		{6D8234BF-5D5F-42E3-8096-477D8CC48535}.Debug|x86.Build.0 = Debug|x86
		{6D8234BF-5D5F-42E3-8096-477D8CC48535}.Release|Any CPU.ActiveCfg = Release|x86
		{6D8234BF-5D5F-42E3-8096-477D8CC48535}.Release|x86.ActiveCfg = Release|x86
		{6D8234BF-5D5F-42E3-8096-477D8CC48535}.Release|x86.Build.0 = Release|x86
		{407CD34F-9410-4BD0-80F1-5943673D9129}.Debug|Any CPU.ActiveCfg = Debug|x86
		{407CD34F-9410-4BD0-80F1-5943673D9129}.Debug|x86.ActiveCfg = Debug|x86
		{407CD34F-9410-4BD0-80F1-5943673D9129}.Debug|x86.Build.0 = Debug|x86
		{407CD34F-9410-4BD0-80F1-5943673D9129}.Release|Any CPU.ActiveCfg = Release|x86
		{407CD34F-9410-4BD0-80F1-5943673D9129}.Release|x86.ActiveCfg = Release|x86
		{407CD34F-9410-4BD0-80F1-5943673D9129}.Release|x86.Build.0 = Release|x86
		{6703377C-C1F6-42C0-A6B6-F6A97B2976B8}.Debug|Any CPU.ActiveCfg = Debug|Any CPU
		{6703377C-C1F6-42C0-A6B6-F6A97B2976B8}.Debug|Any CPU.Build.0 = Debug|Any CPU
		{6703377C-C1F6-42C0-A6B6-F6A97B2976B8}.Debug|x86.ActiveCfg = Debug|Any CPU
		{6703377C-C1F6-42C0-A6B6-F6A97B2976B8}.Debug|x86.Build.0 = Debug|Any CPU
		{6703377C-C1F6-42C0-A6B6-F6A97B2976B8}.Release|Any CPU.ActiveCfg = Release|Any CPU
		{6703377C-C1F6-42C0-A6B6-F6A97B2976B8}.Release|Any CPU.Build.0 = Release|Any CPU
		{6703377C-C1F6-42C0-A6B6-F6A97B2976B8}.Release|x86.ActiveCfg = Release|Any CPU
		{6703377C-C1F6-42C0-A6B6-F6A97B2976B8}.Release|x86.Build.0 = Release|Any CPU
		{1CDB8D20-FC98-4A29-B899-D70A148F4731}.Debug|Any CPU.ActiveCfg = Debug|Any CPU
		{1CDB8D20-FC98-4A29-B899-D70A148F4731}.Debug|Any CPU.Build.0 = Debug|Any CPU
		{1CDB8D20-FC98-4A29-B899-D70A148F4731}.Debug|x86.ActiveCfg = Debug|Any CPU
		{1CDB8D20-FC98-4A29-B899-D70A148F4731}.Debug|x86.Build.0 = Debug|Any CPU
		{1CDB8D20-FC98-4A29-B899-D70A148F4731}.Release|Any CPU.ActiveCfg = Release|Any CPU
		{1CDB8D20-FC98-4A29-B899-D70A148F4731}.Release|Any CPU.Build.0 = Release|Any CPU
		{1CDB8D20-FC98-4A29-B899-D70A148F4731}.Release|x86.ActiveCfg = Release|Any CPU
		{1CDB8D20-FC98-4A29-B899-D70A148F4731}.Release|x86.Build.0 = Release|Any CPU
		{2533E72B-0246-4E42-AC2C-635F896A6086}.Debug|Any CPU.ActiveCfg = Debug|Any CPU
		{2533E72B-0246-4E42-AC2C-635F896A6086}.Debug|Any CPU.Build.0 = Debug|Any CPU
		{2533E72B-0246-4E42-AC2C-635F896A6086}.Debug|x86.ActiveCfg = Debug|Any CPU
		{2533E72B-0246-4E42-AC2C-635F896A6086}.Debug|x86.Build.0 = Debug|Any CPU
		{2533E72B-0246-4E42-AC2C-635F896A6086}.Release|Any CPU.ActiveCfg = Release|Any CPU
		{2533E72B-0246-4E42-AC2C-635F896A6086}.Release|Any CPU.Build.0 = Release|Any CPU
		{2533E72B-0246-4E42-AC2C-635F896A6086}.Release|x86.ActiveCfg = Release|Any CPU
		{2533E72B-0246-4E42-AC2C-635F896A6086}.Release|x86.Build.0 = Release|Any CPU
		{FB19F514-ED76-4B06-A572-090FAD5BDDEF}.Debug|Any CPU.ActiveCfg = Debug|Any CPU
		{FB19F514-ED76-4B06-A572-090FAD5BDDEF}.Debug|Any CPU.Build.0 = Debug|Any CPU
		{FB19F514-ED76-4B06-A572-090FAD5BDDEF}.Debug|x86.ActiveCfg = Debug|Any CPU
		{FB19F514-ED76-4B06-A572-090FAD5BDDEF}.Debug|x86.Build.0 = Debug|Any CPU
		{FB19F514-ED76-4B06-A572-090FAD5BDDEF}.Release|Any CPU.ActiveCfg = Release|Any CPU
		{FB19F514-ED76-4B06-A572-090FAD5BDDEF}.Release|Any CPU.Build.0 = Release|Any CPU
		{FB19F514-ED76-4B06-A572-090FAD5BDDEF}.Release|x86.ActiveCfg = Release|Any CPU
		{FB19F514-ED76-4B06-A572-090FAD5BDDEF}.Release|x86.Build.0 = Release|Any CPU
		{88CBBDA2-80A9-4F80-9E0B-A49FF57643C4}.Debug|Any CPU.ActiveCfg = Debug|Any CPU
		{88CBBDA2-80A9-4F80-9E0B-A49FF57643C4}.Debug|Any CPU.Build.0 = Debug|Any CPU
		{88CBBDA2-80A9-4F80-9E0B-A49FF57643C4}.Debug|x86.ActiveCfg = Debug|Any CPU
		{88CBBDA2-80A9-4F80-9E0B-A49FF57643C4}.Debug|x86.Build.0 = Debug|Any CPU
		{88CBBDA2-80A9-4F80-9E0B-A49FF57643C4}.Release|Any CPU.ActiveCfg = Release|Any CPU
		{88CBBDA2-80A9-4F80-9E0B-A49FF57643C4}.Release|Any CPU.Build.0 = Release|Any CPU
		{88CBBDA2-80A9-4F80-9E0B-A49FF57643C4}.Release|x86.ActiveCfg = Release|Any CPU
		{88CBBDA2-80A9-4F80-9E0B-A49FF57643C4}.Release|x86.Build.0 = Release|Any CPU
		{0C91792B-64E9-43EF-B913-5873FC1296BF}.Debug|Any CPU.ActiveCfg = Debug|Any CPU
		{0C91792B-64E9-43EF-B913-5873FC1296BF}.Debug|Any CPU.Build.0 = Debug|Any CPU
		{0C91792B-64E9-43EF-B913-5873FC1296BF}.Debug|x86.ActiveCfg = Debug|Any CPU
		{0C91792B-64E9-43EF-B913-5873FC1296BF}.Debug|x86.Build.0 = Debug|Any CPU
		{0C91792B-64E9-43EF-B913-5873FC1296BF}.Release|Any CPU.ActiveCfg = Release|Any CPU
		{0C91792B-64E9-43EF-B913-5873FC1296BF}.Release|Any CPU.Build.0 = Release|Any CPU
		{0C91792B-64E9-43EF-B913-5873FC1296BF}.Release|x86.ActiveCfg = Release|Any CPU
		{0C91792B-64E9-43EF-B913-5873FC1296BF}.Release|x86.Build.0 = Release|Any CPU
		{749290F0-1C31-4546-B51A-81F218700F8B}.Debug|Any CPU.ActiveCfg = Debug|Any CPU
		{749290F0-1C31-4546-B51A-81F218700F8B}.Debug|Any CPU.Build.0 = Debug|Any CPU
		{749290F0-1C31-4546-B51A-81F218700F8B}.Debug|x86.ActiveCfg = Debug|Any CPU
		{749290F0-1C31-4546-B51A-81F218700F8B}.Debug|x86.Build.0 = Debug|Any CPU
		{749290F0-1C31-4546-B51A-81F218700F8B}.Release|Any CPU.ActiveCfg = Release|Any CPU
		{749290F0-1C31-4546-B51A-81F218700F8B}.Release|Any CPU.Build.0 = Release|Any CPU
		{749290F0-1C31-4546-B51A-81F218700F8B}.Release|x86.ActiveCfg = Release|Any CPU
		{749290F0-1C31-4546-B51A-81F218700F8B}.Release|x86.Build.0 = Release|Any CPU
		{2795A178-E317-45E8-9C33-4D39298CC4D9}.Debug|Any CPU.ActiveCfg = Debug|Any CPU
		{2795A178-E317-45E8-9C33-4D39298CC4D9}.Debug|Any CPU.Build.0 = Debug|Any CPU
		{2795A178-E317-45E8-9C33-4D39298CC4D9}.Debug|x86.ActiveCfg = Debug|Any CPU
		{2795A178-E317-45E8-9C33-4D39298CC4D9}.Debug|x86.Build.0 = Debug|Any CPU
		{2795A178-E317-45E8-9C33-4D39298CC4D9}.Release|Any CPU.ActiveCfg = Release|Any CPU
		{2795A178-E317-45E8-9C33-4D39298CC4D9}.Release|Any CPU.Build.0 = Release|Any CPU
		{2795A178-E317-45E8-9C33-4D39298CC4D9}.Release|x86.ActiveCfg = Release|Any CPU
		{2795A178-E317-45E8-9C33-4D39298CC4D9}.Release|x86.Build.0 = Release|Any CPU
		{99C9E82C-C594-446D-AA59-8FFBC43AD226}.Debug|Any CPU.ActiveCfg = Debug|Any CPU
		{99C9E82C-C594-446D-AA59-8FFBC43AD226}.Debug|Any CPU.Build.0 = Debug|Any CPU
		{99C9E82C-C594-446D-AA59-8FFBC43AD226}.Debug|x86.ActiveCfg = Debug|Any CPU
		{99C9E82C-C594-446D-AA59-8FFBC43AD226}.Debug|x86.Build.0 = Debug|Any CPU
		{99C9E82C-C594-446D-AA59-8FFBC43AD226}.Release|Any CPU.ActiveCfg = Release|Any CPU
		{99C9E82C-C594-446D-AA59-8FFBC43AD226}.Release|Any CPU.Build.0 = Release|Any CPU
		{99C9E82C-C594-446D-AA59-8FFBC43AD226}.Release|x86.ActiveCfg = Release|Any CPU
		{99C9E82C-C594-446D-AA59-8FFBC43AD226}.Release|x86.Build.0 = Release|Any CPU
		{66A5B199-5330-411A-8496-DBF7782D52F8}.Debug|Any CPU.ActiveCfg = Debug|Any CPU
		{66A5B199-5330-411A-8496-DBF7782D52F8}.Debug|Any CPU.Build.0 = Debug|Any CPU
		{66A5B199-5330-411A-8496-DBF7782D52F8}.Debug|x86.ActiveCfg = Debug|Any CPU
		{66A5B199-5330-411A-8496-DBF7782D52F8}.Debug|x86.Build.0 = Debug|Any CPU
		{66A5B199-5330-411A-8496-DBF7782D52F8}.Release|Any CPU.ActiveCfg = Release|Any CPU
		{66A5B199-5330-411A-8496-DBF7782D52F8}.Release|Any CPU.Build.0 = Release|Any CPU
		{66A5B199-5330-411A-8496-DBF7782D52F8}.Release|x86.ActiveCfg = Release|Any CPU
		{66A5B199-5330-411A-8496-DBF7782D52F8}.Release|x86.Build.0 = Release|Any CPU
		{DC87C9D7-E9FB-4E64-8B68-082E54A34415}.Debug|Any CPU.ActiveCfg = Debug|Any CPU
		{DC87C9D7-E9FB-4E64-8B68-082E54A34415}.Debug|Any CPU.Build.0 = Debug|Any CPU
		{DC87C9D7-E9FB-4E64-8B68-082E54A34415}.Debug|x86.ActiveCfg = Debug|Any CPU
		{DC87C9D7-E9FB-4E64-8B68-082E54A34415}.Debug|x86.Build.0 = Debug|Any CPU
		{DC87C9D7-E9FB-4E64-8B68-082E54A34415}.Release|Any CPU.ActiveCfg = Release|Any CPU
		{DC87C9D7-E9FB-4E64-8B68-082E54A34415}.Release|Any CPU.Build.0 = Release|Any CPU
		{DC87C9D7-E9FB-4E64-8B68-082E54A34415}.Release|x86.ActiveCfg = Release|Any CPU
		{DC87C9D7-E9FB-4E64-8B68-082E54A34415}.Release|x86.Build.0 = Release|Any CPU
		{E8E5A73A-7D24-4A1E-8567-93D1B6F311F6}.Debug|Any CPU.ActiveCfg = Debug|Any CPU
		{E8E5A73A-7D24-4A1E-8567-93D1B6F311F6}.Debug|Any CPU.Build.0 = Debug|Any CPU
		{E8E5A73A-7D24-4A1E-8567-93D1B6F311F6}.Debug|x86.ActiveCfg = Debug|Any CPU
		{E8E5A73A-7D24-4A1E-8567-93D1B6F311F6}.Debug|x86.Build.0 = Debug|Any CPU
		{E8E5A73A-7D24-4A1E-8567-93D1B6F311F6}.Release|Any CPU.ActiveCfg = Release|Any CPU
		{E8E5A73A-7D24-4A1E-8567-93D1B6F311F6}.Release|Any CPU.Build.0 = Release|Any CPU
		{E8E5A73A-7D24-4A1E-8567-93D1B6F311F6}.Release|x86.ActiveCfg = Release|Any CPU
		{E8E5A73A-7D24-4A1E-8567-93D1B6F311F6}.Release|x86.Build.0 = Release|Any CPU
		{3EF210BE-4C3E-4798-B3FD-77A392410C95}.Debug|Any CPU.ActiveCfg = Debug|Any CPU
		{3EF210BE-4C3E-4798-B3FD-77A392410C95}.Debug|Any CPU.Build.0 = Debug|Any CPU
		{3EF210BE-4C3E-4798-B3FD-77A392410C95}.Debug|x86.ActiveCfg = Debug|Any CPU
		{3EF210BE-4C3E-4798-B3FD-77A392410C95}.Debug|x86.Build.0 = Debug|Any CPU
		{3EF210BE-4C3E-4798-B3FD-77A392410C95}.Release|Any CPU.ActiveCfg = Release|Any CPU
		{3EF210BE-4C3E-4798-B3FD-77A392410C95}.Release|Any CPU.Build.0 = Release|Any CPU
		{3EF210BE-4C3E-4798-B3FD-77A392410C95}.Release|x86.ActiveCfg = Release|Any CPU
		{3EF210BE-4C3E-4798-B3FD-77A392410C95}.Release|x86.Build.0 = Release|Any CPU
		{1CC9FAD2-1680-4CC4-A5F8-F8C13B9BE023}.Debug|Any CPU.ActiveCfg = Debug|x86
		{1CC9FAD2-1680-4CC4-A5F8-F8C13B9BE023}.Debug|x86.ActiveCfg = Debug|x86
		{1CC9FAD2-1680-4CC4-A5F8-F8C13B9BE023}.Debug|x86.Build.0 = Debug|x86
		{1CC9FAD2-1680-4CC4-A5F8-F8C13B9BE023}.Release|Any CPU.ActiveCfg = Release|x86
		{1CC9FAD2-1680-4CC4-A5F8-F8C13B9BE023}.Release|x86.ActiveCfg = Release|x86
		{1CC9FAD2-1680-4CC4-A5F8-F8C13B9BE023}.Release|x86.Build.0 = Release|x86
		{A6630DB3-EF52-4313-82C8-BC5D5337A1A3}.Debug|Any CPU.ActiveCfg = Debug|Any CPU
		{A6630DB3-EF52-4313-82C8-BC5D5337A1A3}.Debug|Any CPU.Build.0 = Debug|Any CPU
		{A6630DB3-EF52-4313-82C8-BC5D5337A1A3}.Debug|x86.ActiveCfg = Debug|Any CPU
		{A6630DB3-EF52-4313-82C8-BC5D5337A1A3}.Debug|x86.Build.0 = Debug|Any CPU
		{A6630DB3-EF52-4313-82C8-BC5D5337A1A3}.Release|Any CPU.ActiveCfg = Release|Any CPU
		{A6630DB3-EF52-4313-82C8-BC5D5337A1A3}.Release|Any CPU.Build.0 = Release|Any CPU
		{A6630DB3-EF52-4313-82C8-BC5D5337A1A3}.Release|x86.ActiveCfg = Release|Any CPU
		{A6630DB3-EF52-4313-82C8-BC5D5337A1A3}.Release|x86.Build.0 = Release|Any CPU
	EndGlobalSection
	GlobalSection(SolutionProperties) = preSolution
		HideSolutionNode = FALSE
	EndGlobalSection
	GlobalSection(NestedProjects) = preSolution
		{6D8234BF-5D5F-42E3-8096-477D8CC48535} = {89A4FC07-1F62-4A1E-A289-60B087D9B2CF}
		{407CD34F-9410-4BD0-80F1-5943673D9129} = {89A4FC07-1F62-4A1E-A289-60B087D9B2CF}
		{6703377C-C1F6-42C0-A6B6-F6A97B2976B8} = {89A4FC07-1F62-4A1E-A289-60B087D9B2CF}
		{58A010E1-9CCD-427D-B8F7-13907B7DDC2C} = {5D433892-9A53-4C94-9A8D-74FD32DDE638}
		{7DC507D8-2112-4A4F-8289-2A2CA0C23808} = {5D433892-9A53-4C94-9A8D-74FD32DDE638}
		{B8E3425F-36F1-4451-966C-D2603705FC43} = {5D433892-9A53-4C94-9A8D-74FD32DDE638}
		{A060A077-BDF9-4C7B-9AB9-783726211608} = {5D433892-9A53-4C94-9A8D-74FD32DDE638}
		{78A67356-47FF-497D-B42B-E4A44F5BB43D} = {5D433892-9A53-4C94-9A8D-74FD32DDE638}
		{1CDB8D20-FC98-4A29-B899-D70A148F4731} = {58A010E1-9CCD-427D-B8F7-13907B7DDC2C}
		{AAE7E0D0-7414-4023-9196-4450E5C23649} = {5D433892-9A53-4C94-9A8D-74FD32DDE638}
		{2533E72B-0246-4E42-AC2C-635F896A6086} = {AAE7E0D0-7414-4023-9196-4450E5C23649}
		{F189772E-30C8-4584-B0C5-3853FE343DE9} = {35218BC4-F7D7-4495-B0B4-E675B942112B}
		{FB19F514-ED76-4B06-A572-090FAD5BDDEF} = {F189772E-30C8-4584-B0C5-3853FE343DE9}
		{02030BB3-1C26-4F36-8A9E-F04A21AE05A9} = {F189772E-30C8-4584-B0C5-3853FE343DE9}
		{88CBBDA2-80A9-4F80-9E0B-A49FF57643C4} = {F189772E-30C8-4584-B0C5-3853FE343DE9}
		{0C91792B-64E9-43EF-B913-5873FC1296BF} = {F189772E-30C8-4584-B0C5-3853FE343DE9}
		{749290F0-1C31-4546-B51A-81F218700F8B} = {F189772E-30C8-4584-B0C5-3853FE343DE9}
		{2795A178-E317-45E8-9C33-4D39298CC4D9} = {942762B6-EA2D-4712-A29F-60556EDC7F79}
		{99C9E82C-C594-446D-AA59-8FFBC43AD226} = {1498C490-BD68-4D9D-93FD-A7DAD501F869}
		{1498C490-BD68-4D9D-93FD-A7DAD501F869} = {35218BC4-F7D7-4495-B0B4-E675B942112B}
		{66A5B199-5330-411A-8496-DBF7782D52F8} = {1498C490-BD68-4D9D-93FD-A7DAD501F869}
		{7E99F53B-CABB-4F66-94A5-504B303C216E} = {BE0585B9-EA4A-428C-91D9-1EC60D7461B3}
		{77D7585D-9B12-46F2-A0FE-7297FB6FC233} = {BE0585B9-EA4A-428C-91D9-1EC60D7461B3}
		{7780C7C0-049A-4464-A101-20694A77464B} = {BE0585B9-EA4A-428C-91D9-1EC60D7461B3}
		{DC87C9D7-E9FB-4E64-8B68-082E54A34415} = {7E99F53B-CABB-4F66-94A5-504B303C216E}
		{E8E5A73A-7D24-4A1E-8567-93D1B6F311F6} = {7E99F53B-CABB-4F66-94A5-504B303C216E}
		{3EF210BE-4C3E-4798-B3FD-77A392410C95} = {77D7585D-9B12-46F2-A0FE-7297FB6FC233}
		{1CC9FAD2-1680-4CC4-A5F8-F8C13B9BE023} = {7780C7C0-049A-4464-A101-20694A77464B}
		{EB8D39B3-7F31-4399-AF55-E6F4B7B20F31} = {BE0585B9-EA4A-428C-91D9-1EC60D7461B3}
		{3F9A2C86-2BBF-4297-B362-F08C13098910} = {35218BC4-F7D7-4495-B0B4-E675B942112B}
		{A6630DB3-EF52-4313-82C8-BC5D5337A1A3} = {35218BC4-F7D7-4495-B0B4-E675B942112B}
	EndGlobalSection
EndGlobal
